
Microsoft Visual Studio Solution File, Format Version 11.00
# Visual Studio 2010
Project("{8BC9CEB8-8B4A-11D0-8D11-00A0C91BC942}") = "OpenGLCSE386", "OpenGLCSE386\OpenGLCSE386.vcxproj", "{56771AA1-467B-4B70-9341-E04C10BACEDD}"
EndProject
Project("{8BC9CEB8-8B4A-11D0-8D11-00A0C91BC942}") = "bachmaerLab12", "bachmaerLab12\bachmaerLab12.vcxproj", "{447F77E8-9E3E-4785-8945-820FA0A5F18A}"
	ProjectSection(ProjectDependencies) = postProject
		{56771AA1-467B-4B70-9341-E04C10BACEDD} = {56771AA1-467B-4B70-9341-E04C10BACEDD}
	EndProjectSection
EndProject
Global
	GlobalSection(SubversionScc) = preSolution
		Svn-Managed = True
		Manager = AnkhSVN - Subversion Support for Visual Studio
	EndGlobalSection
	GlobalSection(SolutionConfigurationPlatforms) = preSolution
		Debug|Win32 = Debug|Win32
		Release|Win32 = Release|Win32
	EndGlobalSection
	GlobalSection(ProjectConfigurationPlatforms) = postSolution
		{56771AA1-467B-4B70-9341-E04C10BACEDD}.Debug|Win32.ActiveCfg = Debug|Win32
		{56771AA1-467B-4B70-9341-E04C10BACEDD}.Debug|Win32.Build.0 = Debug|Win32
		{56771AA1-467B-4B70-9341-E04C10BACEDD}.Release|Win32.ActiveCfg = Release|Win32
		{56771AA1-467B-4B70-9341-E04C10BACEDD}.Release|Win32.Build.0 = Release|Win32
		{447F77E8-9E3E-4785-8945-820FA0A5F18A}.Debug|Win32.ActiveCfg = Debug|Win32
		{447F77E8-9E3E-4785-8945-820FA0A5F18A}.Debug|Win32.Build.0 = Debug|Win32
		{447F77E8-9E3E-4785-8945-820FA0A5F18A}.Release|Win32.ActiveCfg = Release|Win32
		{447F77E8-9E3E-4785-8945-820FA0A5F18A}.Release|Win32.Build.0 = Release|Win32
	EndGlobalSection
	GlobalSection(SolutionProperties) = preSolution
		HideSolutionNode = FALSE
	EndGlobalSection
EndGlobal
